{
  "version": 4,
  "terraform_version": "1.2.5",
  "serial": 3,
  "lineage": "70677964-c8e2-5191-0035-b78b9d39baa1",
  "outputs": {
    "endpoint": {
      "value": "https://movie-recommender-jul242022.herokuapp.com",
      "type": "string"
    }
  },
  "resources": [
    {
      "mode": "data",
      "type": "heroku_app",
      "name": "bento",
      "provider": "provider[\"registry.terraform.io/heroku/heroku\"]",
      "instances": [
        {
          "schema_version": 0,
          "attributes": {
            "acm": false,
            "buildpacks": [],
            "config_vars": {},
            "git_url": "https://git.heroku.com/movie-recommender-jul242022.git",
            "heroku_hostname": "movie-recommender-jul242022.herokuapp.com",
            "id": "e290b0b0-d9e1-4f2a-b968-f898e79d3e25",
            "internal_routing": false,
            "name": "movie-recommender-jul242022",
            "organization": null,
            "region": "us",
            "space": null,
            "stack": "heroku-20",
            "uuid": "e290b0b0-d9e1-4f2a-b968-f898e79d3e25",
            "web_url": "https://movie-recommender-jul242022.herokuapp.com/"
          },
          "sensitive_attributes": []
        }
      ]
    },
    {
      "mode": "data",
      "type": "herokux_registry_image",
      "name": "img",
      "provider": "provider[\"registry.terraform.io/davidji99/herokux\"]",
      "instances": [
        {
          "schema_version": 0,
          "attributes": {
            "app_id": "e290b0b0-d9e1-4f2a-b968-f898e79d3e25",
            "digest": "sha256:3ea8c2e01f865d7db0c717851182fc5eb927f3180227db7ad7c3dc972c3e5d6a",
            "docker_tag": "w4s33yxxf2vttlg6",
            "id": "e290b0b0-d9e1-4f2a-b968-f898e79d3e25:web:w4s33yxxf2vttlg6",
            "number_of_layers": 15,
            "process_type": "web",
            "schema_version": 2,
            "size": 13104
          },
          "sensitive_attributes": []
        }
      ]
    },
    {
      "mode": "managed",
      "type": "heroku_formation",
      "name": "formation",
      "provider": "provider[\"registry.terraform.io/heroku/heroku\"]",
      "instances": [
        {
          "schema_version": 1,
          "attributes": {
            "app_id": "e290b0b0-d9e1-4f2a-b968-f898e79d3e25",
            "id": "fdabe994-e110-4db2-83eb-0cbac1982e6a",
            "quantity": 1,
            "size": "Free",
            "type": "web"
          },
          "sensitive_attributes": [],
          "private": "eyJzY2hlbWFfdmVyc2lvbiI6IjEifQ==",
          "dependencies": [
            "data.heroku_app.bento",
            "data.herokux_registry_image.img",
            "herokux_app_container_release.release"
          ]
        }
      ]
    },
    {
      "mode": "managed",
      "type": "herokux_app_container_release",
      "name": "release",
      "provider": "provider[\"registry.terraform.io/davidji99/herokux\"]",
      "instances": [
        {
          "schema_version": 0,
          "attributes": {
            "app_id": "e290b0b0-d9e1-4f2a-b968-f898e79d3e25",
            "id": "e290b0b0-d9e1-4f2a-b968-f898e79d3e25:web",
            "image_id": "sha256:3ea8c2e01f865d7db0c717851182fc5eb927f3180227db7ad7c3dc972c3e5d6a",
            "process_type": "web",
            "timeouts": null
          },
          "sensitive_attributes": [],
          "private": "eyJlMmJmYjczMC1lY2FhLTExZTYtOGY4OC0zNDM2M2JjN2M0YzAiOnsiY3JlYXRlIjo1NDAwMDAwMDAwMDAwLCJkZWZhdWx0IjoyNzAwMDAwMDAwMDAwLCJkZWxldGUiOjE4MDAwMDAwMDAwMDAsInJlYWQiOjYwMDAwMDAwMDAwMCwidXBkYXRlIjozNjAwMDAwMDAwMDAwfX0=",
          "dependencies": [
            "data.heroku_app.bento",
            "data.herokux_registry_image.img"
          ]
        }
      ]
    }
  ]
}
